// !$*UTF8*$!
{
	archiveVersion = 1;
	classes = {
	};
	objectVersion = 50;
	objects = {

/* Begin PBXBuildFile section */
		66CC6100228B75FC00E39E33 /* InterviewScreening.framework in Frameworks */ = {isa = PBXBuildFile; fileRef = 66CC60F6228B75FB00E39E33 /* InterviewScreening.framework */; };
		66CC6107228B75FC00E39E33 /* InterviewScreening.h in Headers */ = {isa = PBXBuildFile; fileRef = 66CC60F9228B75FB00E39E33 /* InterviewScreening.h */; settings = {ATTRIBUTES = (Public, ); }; };
		66CC6111228B765800E39E33 /* PhoneNumberTests.swift in Sources */ = {isa = PBXBuildFile; fileRef = 66CC6110228B765800E39E33 /* PhoneNumberTests.swift */; };
		66CC6113228B767000E39E33 /* PhoneNumber.swift in Sources */ = {isa = PBXBuildFile; fileRef = 66CC6112228B767000E39E33 /* PhoneNumber.swift */; };
/* End PBXBuildFile section */

/* Begin PBXContainerItemProxy section */
		66CC6101228B75FC00E39E33 /* PBXContainerItemProxy */ = {
			isa = PBXContainerItemProxy;
			containerPortal = 66CC60ED228B75FB00E39E33 /* Project object */;
			proxyType = 1;
			remoteGlobalIDString = 66CC60F5228B75FB00E39E33;
			remoteInfo = InterviewScreening;
		};
/* End PBXContainerItemProxy section */

/* Begin PBXFileReference section */
		66CC60F6228B75FB00E39E33 /* InterviewScreening.framework */ = {isa = PBXFileReference; explicitFileType = wrapper.framework; includeInIndex = 0; path = InterviewScreening.framework; sourceTree = BUILT_PRODUCTS_DIR; };
		66CC60F9228B75FB00E39E33 /* InterviewScreening.h */ = {isa = PBXFileReference; lastKnownFileType = sourcecode.c.h; path = InterviewScreening.h; sourceTree = "<group>"; };
		66CC60FA228B75FB00E39E33 /* Info.plist */ = {isa = PBXFileReference; lastKnownFileType = text.plist.xml; path = Info.plist; sourceTree = "<group>"; };
		66CC60FF228B75FC00E39E33 /* InterviewScreeningTests.xctest */ = {isa = PBXFileReference; explicitFileType = wrapper.cfbundle; includeInIndex = 0; path = InterviewScreeningTests.xctest; sourceTree = BUILT_PRODUCTS_DIR; };
		66CC6106228B75FC00E39E33 /* Info.plist */ = {isa = PBXFileReference; lastKnownFileType = text.plist.xml; path = Info.plist; sourceTree = "<group>"; };
		66CC6110228B765800E39E33 /* PhoneNumberTests.swift */ = {isa = PBXFileReference; lastKnownFileType = sourcecode.swift; path = PhoneNumberTests.swift; sourceTree = "<group>"; };
		66CC6112228B767000E39E33 /* PhoneNumber.swift */ = {isa = PBXFileReference; lastKnownFileType = sourcecode.swift; path = PhoneNumber.swift; sourceTree = "<group>"; };
/* End PBXFileReference section */

/* Begin PBXFrameworksBuildPhase section */
		66CC60F3228B75FB00E39E33 /* Frameworks */ = {
			isa = PBXFrameworksBuildPhase;
			buildActionMask = 2147483647;
			files = (
			);
			runOnlyForDeploymentPostprocessing = 0;
		};
		66CC60FC228B75FC00E39E33 /* Frameworks */ = {
			isa = PBXFrameworksBuildPhase;
			buildActionMask = 2147483647;
			files = (
				66CC6100228B75FC00E39E33 /* InterviewScreening.framework in Frameworks */,
			);
			runOnlyForDeploymentPostprocessing = 0;
		};
/* End PBXFrameworksBuildPhase section */

/* Begin PBXGroup section */
		66CC60EC228B75FB00E39E33 = {
			isa = PBXGroup;
			children = (
				66CC60F8228B75FB00E39E33 /* InterviewScreening */,
				66CC6103228B75FC00E39E33 /* InterviewScreeningTests */,
				66CC60F7228B75FB00E39E33 /* Products */,
			);
			sourceTree = "<group>";
		};
		66CC60F7228B75FB00E39E33 /* Products */ = {
			isa = PBXGroup;
			children = (
				66CC60F6228B75FB00E39E33 /* InterviewScreening.framework */,
				66CC60FF228B75FC00E39E33 /* InterviewScreeningTests.xctest */,
			);
			name = Products;
			sourceTree = "<group>";
		};
		66CC60F8228B75FB00E39E33 /* InterviewScreening */ = {
			isa = PBXGroup;
			children = (
				66CC60F9228B75FB00E39E33 /* InterviewScreening.h */,
				66CC60FA228B75FB00E39E33 /* Info.plist */,
				66CC6112228B767000E39E33 /* PhoneNumber.swift */,
			);
			path = InterviewScreening;
			sourceTree = "<group>";
		};
		66CC6103228B75FC00E39E33 /* InterviewScreeningTests */ = {
			isa = PBXGroup;
			children = (
				66CC6106228B75FC00E39E33 /* Info.plist */,
				66CC6110228B765800E39E33 /* PhoneNumberTests.swift */,
			);
			path = InterviewScreeningTests;
			sourceTree = "<group>";
		};
/* End PBXGroup section */

/* Begin PBXHeadersBuildPhase section */
		66CC60F1228B75FB00E39E33 /* Headers */ = {
			isa = PBXHeadersBuildPhase;
			buildActionMask = 2147483647;
			files = (
				66CC6107228B75FC00E39E33 /* InterviewScreening.h in Headers */,
			);
			runOnlyForDeploymentPostprocessing = 0;
		};
/* End PBXHeadersBuildPhase section */

/* Begin PBXNativeTarget section */
		66CC60F5228B75FB00E39E33 /* InterviewScreening */ = {
			isa = PBXNativeTarget;
			buildConfigurationList = 66CC610A228B75FC00E39E33 /* Build configuration list for PBXNativeTarget "InterviewScreening" */;
			buildPhases = (
				66CC60F1228B75FB00E39E33 /* Headers */,
				66CC60F2228B75FB00E39E33 /* Sources */,
				66CC60F3228B75FB00E39E33 /* Frameworks */,
				66CC60F4228B75FB00E39E33 /* Resources */,
			);
			buildRules = (
			);
			dependencies = (
			);
			name = InterviewScreening;
			productName = InterviewScreening;
			productReference = 66CC60F6228B75FB00E39E33 /* InterviewScreening.framework */;
			productType = "com.apple.product-type.framework";
		};
		66CC60FE228B75FC00E39E33 /* InterviewScreeningTests */ = {
			isa = PBXNativeTarget;
			buildConfigurationList = 66CC610D228B75FC00E39E33 /* Build configuration list for PBXNativeTarget "InterviewScreeningTests" */;
			buildPhases = (
				66CC60FB228B75FC00E39E33 /* Sources */,
				66CC60FC228B75FC00E39E33 /* Frameworks */,
				66CC60FD228B75FC00E39E33 /* Resources */,
			);
			buildRules = (
			);
			dependencies = (
				66CC6102228B75FC00E39E33 /* PBXTargetDependency */,
			);
			name = InterviewScreeningTests;
			productName = InterviewScreeningTests;
			productReference = 66CC60FF228B75FC00E39E33 /* InterviewScreeningTests.xctest */;
			productType = "com.apple.product-type.bundle.unit-test";
		};
/* End PBXNativeTarget section */

/* Begin PBXProject section */
		66CC60ED228B75FB00E39E33 /* Project object */ = {
			isa = PBXProject;
			attributes = {
				LastSwiftUpdateCheck = 1020;
				LastUpgradeCheck = 1020;
				ORGANIZATIONNAME = Lai;
				TargetAttributes = {
					66CC60F5228B75FB00E39E33 = {
						CreatedOnToolsVersion = 10.2;
						LastSwiftMigration = 1020;
					};
					66CC60FE228B75FC00E39E33 = {
						CreatedOnToolsVersion = 10.2;
					};
				};
			};
			buildConfigurationList = 66CC60F0228B75FB00E39E33 /* Build configuration list for PBXProject "InterviewScreening" */;
			compatibilityVersion = "Xcode 9.3";
			developmentRegion = en;
			hasScannedForEncodings = 0;
			knownRegions = (
				en,
			);
			mainGroup = 66CC60EC228B75FB00E39E33;
			productRefGroup = 66CC60F7228B75FB00E39E33 /* Products */;
			projectDirPath = "";
			projectRoot = "";
			targets = (
				66CC60F5228B75FB00E39E33 /* InterviewScreening */,
				66CC60FE228B75FC00E39E33 /* InterviewScreeningTests */,
			);
		};
/* End PBXProject section */

/* Begin PBXResourcesBuildPhase section */
		66CC60F4228B75FB00E39E33 /* Resources */ = {
			isa = PBXResourcesBuildPhase;
			buildActionMask = 2147483647;
			files = (
			);
			runOnlyForDeploymentPostprocessing = 0;
		};
		66CC60FD228B75FC00E39E33 /* Resources */ = {
			isa = PBXResourcesBuildPhase;
			buildActionMask = 2147483647;
			files = (
			);
			runOnlyForDeploymentPostprocessing = 0;
		};
/* End PBXResourcesBuildPhase section */

/* Begin PBXSourcesBuildPhase section */
		66CC60F2228B75FB00E39E33 /* Sources */ = {
			isa = PBXSourcesBuildPhase;
			buildActionMask = 2147483647;
			files = (
				66CC6113228B767000E39E33 /* PhoneNumber.swift in Sources */,
			);
			runOnlyForDeploymentPostprocessing = 0;
		};
		66CC60FB228B75FC00E39E33 /* Sources */ = {
			isa = PBXSourcesBuildPhase;
			buildActionMask = 2147483647;
			files = (
				66CC6111228B765800E39E33 /* PhoneNumberTests.swift in Sources */,
			);
			runOnlyForDeploymentPostprocessing = 0;
		};
/* End PBXSourcesBuildPhase section */

/* Begin PBXTargetDependency section */
		66CC6102228B75FC00E39E33 /* PBXTargetDependency */ = {
			isa = PBXTargetDependency;
			target = 66CC60F5228B75FB00E39E33 /* InterviewScreening */;
			targetProxy = 66CC6101228B75FC00E39E33 /* PBXContainerItemProxy */;
		};
/* End PBXTargetDependency section */

/* Begin XCBuildConfiguration section */
		66CC6108228B75FC00E39E33 /* Debug */ = {
			isa = XCBuildConfiguration;
			buildSettings = {
				ALWAYS_SEARCH_USER_PATHS = NO;
				CLANG_ANALYZER_NONNULL = YES;
				CLANG_ANALYZER_NUMBER_OBJECT_CONVERSION = YES_AGGRESSIVE;
				CLANG_CXX_LANGUAGE_STANDARD = "gnu++14";
				CLANG_CXX_LIBRARY = "libc++";
				CLANG_ENABLE_MODULES = YES;
				CLANG_ENABLE_OBJC_ARC = YES;
				CLANG_ENABLE_OBJC_WEAK = YES;
				CLANG_WARN_BLOCK_CAPTURE_AUTORELEASING = YES;
				CLANG_WARN_BOOL_CONVERSION = YES;
				CLANG_WARN_COMMA = YES;
				CLANG_WARN_CONSTANT_CONVERSION = YES;
				CLANG_WARN_DEPRECATED_OBJC_IMPLEMENTATIONS = YES;
				CLANG_WARN_DIRECT_OBJC_ISA_USAGE = YES_ERROR;
				CLANG_WARN_DOCUMENTATION_COMMENTS = YES;
				CLANG_WARN_EMPTY_BODY = YES;
				CLANG_WARN_ENUM_CONVERSION = YES;
				CLANG_WARN_INFINITE_RECURSION = YES;
				CLANG_WARN_INT_CONVERSION = YES;
				CLANG_WARN_NON_LITERAL_NULL_CONVERSION = YES;
				CLANG_WARN_OBJC_IMPLICIT_RETAIN_SELF = YES;
				CLANG_WARN_OBJC_LITERAL_CONVERSION = YES;
				CLANG_WARN_OBJC_ROOT_CLASS = YES_ERROR;
				CLANG_WARN_RANGE_LOOP_ANALYSIS = YES;
				CLANG_WARN_STRICT_PROTOTYPES = YES;
				CLANG_WARN_SUSPICIOUS_MOVE = YES;
				CLANG_WARN_UNGUARDED_AVAILABILITY = YES_AGGRESSIVE;
				CLANG_WARN_UNREACHABLE_CODE = YES;
				CLANG_WARN__DUPLICATE_METHOD_MATCH = YES;
				CODE_SIGN_IDENTITY = "-";
				COPY_PHASE_STRIP = NO;
				CURRENT_PROJECT_VERSION = 1;
				DEBUG_INFORMATION_FORMAT = dwarf;
				ENABLE_STRICT_OBJC_MSGSEND = YES;
				ENABLE_TESTABILITY = YES;
				GCC_C_LANGUAGE_STANDARD = gnu11;
				GCC_DYNAMIC_NO_PIC = NO;
				GCC_NO_COMMON_BLOCKS = YES;
				GCC_OPTIMIZATION_LEVEL = 0;
				GCC_PREPROCESSOR_DEFINITIONS = (
					"DEBUG=1",
					"$(inherited)",
				);
				GCC_WARN_64_TO_32_BIT_CONVERSION = YES;
				GCC_WARN_ABOUT_RETURN_TYPE = YES_ERROR;
				GCC_WARN_UNDECLARED_SELECTOR = YES;
				GCC_WARN_UNINITIALIZED_AUTOS = YES_AGGRESSIVE;
				GCC_WARN_UNUSED_FUNCTION = YES;
				GCC_WARN_UNUSED_VARIABLE = YES;
				MACOSX_DEPLOYMENT_TARGET = 10.14;
				MTL_ENABLE_DEBUG_INFO = INCLUDE_SOURCE;
				MTL_FAST_MATH = YES;
				ONLY_ACTIVE_ARCH = YES;
				SDKROOT = macosx;
				SWIFT_ACTIVE_COMPILATION_CONDITIONS = DEBUG;
				SWIFT_OPTIMIZATION_LEVEL = "-Onone";
				VERSIONING_SYSTEM = "apple-generic";
				VERSION_INFO_PREFIX = "";
			};
			name = Debug;
		};
		66CC6109228B75FC00E39E33 /* Release */ = {
			isa = XCBuildConfiguration;
			buildSettings = {
				ALWAYS_SEARCH_USER_PATHS = NO;
				CLANG_ANALYZER_NONNULL = YES;
				CLANG_ANALYZER_NUMBER_OBJECT_CONVERSION = YES_AGGRESSIVE;
				CLANG_CXX_LANGUAGE_STANDARD = "gnu++14";
				CLANG_CXX_LIBRARY = "libc++";
				CLANG_ENABLE_MODULES = YES;
				CLANG_ENABLE_OBJC_ARC = YES;
				CLANG_ENABLE_OBJC_WEAK = YES;
				CLANG_WARN_BLOCK_CAPTURE_AUTORELEASING = YES;
				CLANG_WARN_BOOL_CONVERSION = YES;
				CLANG_WARN_COMMA = YES;
				CLANG_WARN_CONSTANT_CONVERSION = YES;
				CLANG_WARN_DEPRECATED_OBJC_IMPLEMENTATIONS = YES;
				CLANG_WARN_DIRECT_OBJC_ISA_USAGE = YES_ERROR;
				CLANG_WARN_DOCUMENTATION_COMMENTS = YES;
				CLANG_WARN_EMPTY_BODY = YES;
				CLANG_WARN_ENUM_CONVERSION = YES;
				CLANG_WARN_INFINITE_RECURSION = YES;
				CLANG_WARN_INT_CONVERSION = YES;
				CLANG_WARN_NON_LITERAL_NULL_CONVERSION = YES;
				CLANG_WARN_OBJC_IMPLICIT_RETAIN_SELF = YES;
				CLANG_WARN_OBJC_LITERAL_CONVERSION = YES;
				CLANG_WARN_OBJC_ROOT_CLASS = YES_ERROR;
				CLANG_WARN_RANGE_LOOP_ANALYSIS = YES;
				CLANG_WARN_STRICT_PROTOTYPES = YES;
				CLANG_WARN_SUSPICIOUS_MOVE = YES;
				CLANG_WARN_UNGUARDED_AVAILABILITY = YES_AGGRESSIVE;
				CLANG_WARN_UNREACHABLE_CODE = YES;
				CLANG_WARN__DUPLICATE_METHOD_MATCH = YES;
				CODE_SIGN_IDENTITY = "-";
				COPY_PHASE_STRIP = NO;
				CURRENT_PROJECT_VERSION = 1;
				DEBUG_INFORMATION_FORMAT = "dwarf-with-dsym";
				ENABLE_NS_ASSERTIONS = NO;
				ENABLE_STRICT_OBJC_MSGSEND = YES;
				GCC_C_LANGUAGE_STANDARD = gnu11;
				GCC_NO_COMMON_BLOCKS = YES;
				GCC_WARN_64_TO_32_BIT_CONVERSION = YES;
				GCC_WARN_ABOUT_RETURN_TYPE = YES_ERROR;
				GCC_WARN_UNDECLARED_SELECTOR = YES;
				GCC_WARN_UNINITIALIZED_AUTOS = YES_AGGRESSIVE;
				GCC_WARN_UNUSED_FUNCTION = YES;
				GCC_WARN_UNUSED_VARIABLE = YES;
				MACOSX_DEPLOYMENT_TARGET = 10.14;
				MTL_ENABLE_DEBUG_INFO = NO;
				MTL_FAST_MATH = YES;
				SDKROOT = macosx;
				SWIFT_COMPILATION_MODE = wholemodule;
				SWIFT_OPTIMIZATION_LEVEL = "-O";
				VERSIONING_SYSTEM = "apple-generic";
				VERSION_INFO_PREFIX = "";
			};
			name = Release;
		};
		66CC610B228B75FC00E39E33 /* Debug */ = {
			isa = XCBuildConfiguration;
			buildSettings = {
				CLANG_ENABLE_MODULES = YES;
				CODE_SIGN_IDENTITY = "Mac Developer";
				CODE_SIGN_STYLE = Automatic;
				COMBINE_HIDPI_IMAGES = YES;
				DEFINES_MODULE = YES;
				DEVELOPMENT_TEAM = "";
				DYLIB_COMPATIBILITY_VERSION = 1;
				DYLIB_CURRENT_VERSION = 1;
				DYLIB_INSTALL_NAME_BASE = "@rpath";
				FRAMEWORK_VERSION = A;
				INFOPLIST_FILE = InterviewScreening/Info.plist;
				INSTALL_PATH = "$(LOCAL_LIBRARY_DIR)/Frameworks";
				LD_RUNPATH_SEARCH_PATHS = (
					"$(inherited)",
					"@executable_path/../Frameworks",
					"@loader_path/Frameworks",
				);
				PRODUCT_BUNDLE_IDENTIFIER = com.lai.mobile.InterviewScreening;
				PRODUCT_NAME = "$(TARGET_NAME:c99extidentifier)";
				PROVISIONING_PROFILE_SPECIFIER = "";
				SKIP_INSTALL = YES;
				SWIFT_OPTIMIZATION_LEVEL = "-Onone";
				SWIFT_VERSION = 5.0;
			};
			name = Debug;
		};
		66CC610C228B75FC00E39E33 /* Release */ = {
			isa = XCBuildConfiguration;
			buildSettings = {
				CLANG_ENABLE_MODULES = YES;
				CODE_SIGN_IDENTITY = "Mac Developer";
				CODE_SIGN_STYLE = Automatic;
				COMBINE_HIDPI_IMAGES = YES;
				DEFINES_MODULE = YES;
				DEVELOPMENT_TEAM = "";
				DYLIB_COMPATIBILITY_VERSION = 1;
				DYLIB_CURRENT_VERSION = 1;
				DYLIB_INSTALL_NAME_BASE = "@rpath";
				FRAMEWORK_VERSION = A;
				INFOPLIST_FILE = InterviewScreening/Info.plist;
				INSTALL_PATH = "$(LOCAL_LIBRARY_DIR)/Frameworks";
				LD_RUNPATH_SEARCH_PATHS = (
					"$(inherited)",
					"@executable_path/../Frameworks",
					"@loader_path/Frameworks",
				);
				PRODUCT_BUNDLE_IDENTIFIER = com.lai.mobile.InterviewScreening;
				PRODUCT_NAME = "$(TARGET_NAME:c99extidentifier)";
				PROVISIONING_PROFILE_SPECIFIER = "";
				SKIP_INSTALL = YES;
				SWIFT_VERSION = 5.0;
			};
			name = Release;
		};
		66CC610E228B75FC00E39E33 /* Debug */ = {
			isa = XCBuildConfiguration;
			buildSettings = {
				ALWAYS_EMBED_SWIFT_STANDARD_LIBRARIES = YES;
				CODE_SIGN_STYLE = Automatic;
				COMBINE_HIDPI_IMAGES = YES;
				INFOPLIST_FILE = InterviewScreeningTests/Info.plist;
				LD_RUNPATH_SEARCH_PATHS = (
					"$(inherited)",
					"@executable_path/../Frameworks",
					"@loader_path/../Frameworks",
				);
				PRODUCT_BUNDLE_IDENTIFIER = com.lai.mobile.InterviewScreeningTests;
				PRODUCT_NAME = "$(TARGET_NAME)";
				SWIFT_VERSION = 5.0;
			};
			name = Debug;
		};
		66CC610F228B75FC00E39E33 /* Release */ = {
			isa = XCBuildConfiguration;
			buildSettings = {
				ALWAYS_EMBED_SWIFT_STANDARD_LIBRARIES = YES;
				CODE_SIGN_STYLE = Automatic;
				COMBINE_HIDPI_IMAGES = YES;
				INFOPLIST_FILE = InterviewScreeningTests/Info.plist;
				LD_RUNPATH_SEARCH_PATHS = (
					"$(inherited)",
					"@executable_path/../Frameworks",
					"@loader_path/../Frameworks",
				);
				PRODUCT_BUNDLE_IDENTIFIER = com.lai.mobile.InterviewScreeningTests;
				PRODUCT_NAME = "$(TARGET_NAME)";
				SWIFT_VERSION = 5.0;
			};
			name = Release;
		};
/* End XCBuildConfiguration section */

/* Begin XCConfigurationList section */
		66CC60F0228B75FB00E39E33 /* Build configuration list for PBXProject "InterviewScreening" */ = {
			isa = XCConfigurationList;
			buildConfigurations = (
				66CC6108228B75FC00E39E33 /* Debug */,
				66CC6109228B75FC00E39E33 /* Release */,
			);
			defaultConfigurationIsVisible = 0;
			defaultConfigurationName = Release;
		};
		66CC610A228B75FC00E39E33 /* Build configuration list for PBXNativeTarget "InterviewScreening" */ = {
			isa = XCConfigurationList;
			buildConfigurations = (
				66CC610B228B75FC00E39E33 /* Debug */,
				66CC610C228B75FC00E39E33 /* Release */,
			);
			defaultConfigurationIsVisible = 0;
			defaultConfigurationName = Release;
		};
		66CC610D228B75FC00E39E33 /* Build configuration list for PBXNativeTarget "InterviewScreeningTests" */ = {
			isa = XCConfigurationList;
			buildConfigurations = (
				66CC610E228B75FC00E39E33 /* Debug */,
				66CC610F228B75FC00E39E33 /* Release */,
			);
			defaultConfigurationIsVisible = 0;
			defaultConfigurationName = Release;
		};
/* End XCConfigurationList section */
	};
	rootObject = 66CC60ED228B75FB00E39E33 /* Project object */;
}
